
Microsoft Visual Studio Solution File, Format Version 12.00
# Visual Studio Version 16
VisualStudioVersion = 16.0.29613.14
MinimumVisualStudioVersion = 10.0.40219.1
Project("{FAE04EC0-301F-11D3-BF4B-00C04F79EFBC}") = "HomeWork_1", "HomeWork_1\HomeWork_1.csproj", "{97E1874C-96E5-45F4-A28F-05E9E5CA185D}"
EndProject
Global
	GlobalSection(SolutionConfigurationPlatforms) = preSolution
		Debug|Any CPU = Debug|Any CPU
		Release|Any CPU = Release|Any CPU
	EndGlobalSection
	GlobalSection(ProjectConfigurationPlatforms) = postSolution
		{97E1874C-96E5-45F4-A28F-05E9E5CA185D}.Debug|Any CPU.ActiveCfg = Debug|Any CPU
		{97E1874C-96E5-45F4-A28F-05E9E5CA185D}.Debug|Any CPU.Build.0 = Debug|Any CPU
		{97E1874C-96E5-45F4-A28F-05E9E5CA185D}.Release|Any CPU.ActiveCfg = Release|Any CPU
		{97E1874C-96E5-45F4-A28F-05E9E5CA185D}.Release|Any CPU.Build.0 = Release|Any CPU
	EndGlobalSection
	GlobalSection(SolutionProperties) = preSolution
		HideSolutionNode = FALSE
	EndGlobalSection
	GlobalSection(ExtensibilityGlobals) = postSolution
		SolutionGuid = {A0BF4147-3A20-4C80-8C5A-EAA6C2E74C15}
	EndGlobalSection
EndGlobal
